// !$*UTF8*$!
{
	archiveVersion = 1;
	classes = {
	};
	objectVersion = 46;
	objects = {

/* Begin PBXBuildFile section */
		50631D161D774F5000555F19 /* AppDelegate.swift in Sources */ = {isa = PBXBuildFile; fileRef = 50631D151D774F5000555F19 /* AppDelegate.swift */; };
		50631D181D774F5000555F19 /* ViewController.swift in Sources */ = {isa = PBXBuildFile; fileRef = 50631D171D774F5000555F19 /* ViewController.swift */; };
		50631D1B1D774F5000555F19 /* Main.storyboard in Resources */ = {isa = PBXBuildFile; fileRef = 50631D191D774F5000555F19 /* Main.storyboard */; };
		50631D1D1D774F5000555F19 /* Assets.xcassets in Resources */ = {isa = PBXBuildFile; fileRef = 50631D1C1D774F5000555F19 /* Assets.xcassets */; };
		50631D201D774F5000555F19 /* LaunchScreen.storyboard in Resources */ = {isa = PBXBuildFile; fileRef = 50631D1E1D774F5000555F19 /* LaunchScreen.storyboard */; };
/* End PBXBuildFile section */

/* Begin PBXFileReference section */
		50631D121D774F5000555F19 /* PokemonLocation.app */ = {isa = PBXFileReference; explicitFileType = wrapper.application; includeInIndex = 0; path = PokemonLocation.app; sourceTree = BUILT_PRODUCTS_DIR; };
		50631D151D774F5000555F19 /* AppDelegate.swift */ = {isa = PBXFileReference; lastKnownFileType = sourcecode.swift; path = AppDelegate.swift; sourceTree = "<group>"; };
		50631D171D774F5000555F19 /* ViewController.swift */ = {isa = PBXFileReference; lastKnownFileType = sourcecode.swift; path = ViewController.swift; sourceTree = "<group>"; };
		50631D1A1D774F5000555F19 /* Base */ = {isa = PBXFileReference; lastKnownFileType = file.storyboard; name = Base; path = Base.lproj/Main.storyboard; sourceTree = "<group>"; };
		50631D1C1D774F5000555F19 /* Assets.xcassets */ = {isa = PBXFileReference; lastKnownFileType = folder.assetcatalog; path = Assets.xcassets; sourceTree = "<group>"; };
		50631D1F1D774F5000555F19 /* Base */ = {isa = PBXFileReference; lastKnownFileType = file.storyboard; name = Base; path = Base.lproj/LaunchScreen.storyboard; sourceTree = "<group>"; };
		50631D211D774F5000555F19 /* Info.plist */ = {isa = PBXFileReference; lastKnownFileType = text.plist.xml; path = Info.plist; sourceTree = "<group>"; };
		506C521D1D7944D700B39428 /* another.gpx */ = {isa = PBXFileReference; lastKnownFileType = text.xml; path = another.gpx; sourceTree = "<group>"; };
/* End PBXFileReference section */

/* Begin PBXFrameworksBuildPhase section */
		50631D0F1D774F5000555F19 /* Frameworks */ = {
			isa = PBXFrameworksBuildPhase;
			buildActionMask = 2147483647;
			files = (
			);
			runOnlyForDeploymentPostprocessing = 0;
		};
/* End PBXFrameworksBuildPhase section */

/* Begin PBXGroup section */
		50631D091D774F5000555F19 = {
			isa = PBXGroup;
			children = (
				506C521D1D7944D700B39428 /* another.gpx */,
				50631D141D774F5000555F19 /* PokemonLocation */,
				50631D131D774F5000555F19 /* Products */,
			);
			sourceTree = "<group>";
		};
		50631D131D774F5000555F19 /* Products */ = {
			isa = PBXGroup;
			children = (
				50631D121D774F5000555F19 /* PokemonLocation.app */,
			);
			name = Products;
			sourceTree = "<group>";
		};
		50631D141D774F5000555F19 /* PokemonLocation */ = {
			isa = PBXGroup;
			children = (
				50631D151D774F5000555F19 /* AppDelegate.swift */,
				50631D171D774F5000555F19 /* ViewController.swift */,
				50631D191D774F5000555F19 /* Main.storyboard */,
				50631D1C1D774F5000555F19 /* Assets.xcassets */,
				50631D1E1D774F5000555F19 /* LaunchScreen.storyboard */,
				50631D211D774F5000555F19 /* Info.plist */,
			);
			path = PokemonLocation;
			sourceTree = "<group>";
		};
/* End PBXGroup section */

/* Begin PBXNativeTarget section */
		50631D111D774F5000555F19 /* PokemonLocation */ = {
			isa = PBXNativeTarget;
			buildConfigurationList = 50631D241D774F5000555F19 /* Build configuration list for PBXNativeTarget "PokemonLocation" */;
			buildPhases = (
				50631D0E1D774F5000555F19 /* Sources */,
				50631D0F1D774F5000555F19 /* Frameworks */,
				50631D101D774F5000555F19 /* Resources */,
			);
			buildRules = (
			);
			dependencies = (
			);
			name = PokemonLocation;
			productName = PokemonLocation;
			productReference = 50631D121D774F5000555F19 /* PokemonLocation.app */;
			productType = "com.apple.product-type.application";
		};
/* End PBXNativeTarget section */

/* Begin PBXProject section */
		50631D0A1D774F5000555F19 /* Project object */ = {
			isa = PBXProject;
			attributes = {
				LastSwiftUpdateCheck = 0800;
				LastUpgradeCheck = 0800;
				ORGANIZATIONNAME = specktro;
				TargetAttributes = {
					50631D111D774F5000555F19 = {
						CreatedOnToolsVersion = 8.0;
						DevelopmentTeam = FVV346K52C;
						ProvisioningStyle = Automatic;
					};
				};
			};
			buildConfigurationList = 50631D0D1D774F5000555F19 /* Build configuration list for PBXProject "PokemonLocation" */;
			compatibilityVersion = "Xcode 3.2";
			developmentRegion = English;
			hasScannedForEncodings = 0;
			knownRegions = (
				en,
				Base,
			);
			mainGroup = 50631D091D774F5000555F19;
			productRefGroup = 50631D131D774F5000555F19 /* Products */;
			projectDirPath = "";
			projectRoot = "";
			targets = (
				50631D111D774F5000555F19 /* PokemonLocation */,
			);
		};
/* End PBXProject section */

/* Begin PBXResourcesBuildPhase section */
		50631D101D774F5000555F19 /* Resources */ = {
			isa = PBXResourcesBuildPhase;
			buildActionMask = 2147483647;
			files = (
				50631D201D774F5000555F19 /* LaunchScreen.storyboard in Resources */,
				50631D1D1D774F5000555F19 /* Assets.xcassets in Resources */,
				50631D1B1D774F5000555F19 /* Main.storyboard in Resources */,
			);
			runOnlyForDeploymentPostprocessing = 0;
		};
/* End PBXResourcesBuildPhase section */

/* Begin PBXSourcesBuildPhase section */
		50631D0E1D774F5000555F19 /* Sources */ = {
			isa = PBXSourcesBuildPhase;
			buildActionMask = 2147483647;
			files = (
				50631D181D774F5000555F19 /* ViewController.swift in Sources */,
				50631D161D774F5000555F19 /* AppDelegate.swift in Sources */,
			);
			runOnlyForDeploymentPostprocessing = 0;
		};
/* End PBXSourcesBuildPhase section */

/* Begin PBXVariantGroup section */
		50631D191D774F5000555F19 /* Main.storyboard */ = {
			isa = PBXVariantGroup;
			children = (
				50631D1A1D774F5000555F19 /* Base */,
			);
			name = Main.storyboard;
			sourceTree = "<group>";
		};
		50631D1E1D774F5000555F19 /* LaunchScreen.storyboard */ = {
			isa = PBXVariantGroup;
			children = (
				50631D1F1D774F5000555F19 /* Base */,
			);
			name = LaunchScreen.storyboard;
			sourceTree = "<group>";
		};
/* End PBXVariantGroup section */

/* Begin XCBuildConfiguration section */
		50631D221D774F5000555F19 /* Debug */ = {
			isa = XCBuildConfiguration;
			buildSettings = {
				ALWAYS_SEARCH_USER_PATHS = NO;
				CLANG_ANALYZER_NONNULL = YES;
				CLANG_CXX_LANGUAGE_STANDARD = "gnu++0x";
				CLANG_CXX_LIBRARY = "libc++";
				CLANG_ENABLE_MODULES = YES;
				CLANG_ENABLE_OBJC_ARC = YES;
				CLANG_WARN_BOOL_CONVERSION = YES;
				CLANG_WARN_CONSTANT_CONVERSION = YES;
				CLANG_WARN_DIRECT_OBJC_ISA_USAGE = YES_ERROR;
				CLANG_WARN_DOCUMENTATION_COMMENTS = YES;
				CLANG_WARN_EMPTY_BODY = YES;
				CLANG_WARN_ENUM_CONVERSION = YES;
				CLANG_WARN_INFINITE_RECURSION = YES;
				CLANG_WARN_INT_CONVERSION = YES;
				CLANG_WARN_OBJC_ROOT_CLASS = YES_ERROR;
				CLANG_WARN_SUSPICIOUS_MOVES = YES;
				CLANG_WARN_UNREACHABLE_CODE = YES;
				CLANG_WARN__DUPLICATE_METHOD_MATCH = YES;
				"CODE_SIGN_IDENTITY[sdk=iphoneos*]" = "iPhone Developer";
				COPY_PHASE_STRIP = NO;
				DEBUG_INFORMATION_FORMAT = dwarf;
				ENABLE_STRICT_OBJC_MSGSEND = YES;
				ENABLE_TESTABILITY = YES;
				GCC_C_LANGUAGE_STANDARD = gnu99;
				GCC_DYNAMIC_NO_PIC = NO;
				GCC_NO_COMMON_BLOCKS = YES;
				GCC_OPTIMIZATION_LEVEL = 0;
				GCC_PREPROCESSOR_DEFINITIONS = (
					"DEBUG=1",
					"$(inherited)",
				);
				GCC_WARN_64_TO_32_BIT_CONVERSION = YES;
				GCC_WARN_ABOUT_RETURN_TYPE = YES_ERROR;
				GCC_WARN_UNDECLARED_SELECTOR = YES;
				GCC_WARN_UNINITIALIZED_AUTOS = YES_AGGRESSIVE;
				GCC_WARN_UNUSED_FUNCTION = YES;
				GCC_WARN_UNUSED_VARIABLE = YES;
				IPHONEOS_DEPLOYMENT_TARGET = 10.0;
				MTL_ENABLE_DEBUG_INFO = YES;
				ONLY_ACTIVE_ARCH = YES;
				SDKROOT = iphoneos;
				SWIFT_ACTIVE_COMPILATION_CONDITIONS = DEBUG;
				SWIFT_OPTIMIZATION_LEVEL = "-Onone";
			};
			name = Debug;
		};
		50631D231D774F5000555F19 /* Release */ = {
			isa = XCBuildConfiguration;
			buildSettings = {
				ALWAYS_SEARCH_USER_PATHS = NO;
				CLANG_ANALYZER_NONNULL = YES;
				CLANG_CXX_LANGUAGE_STANDARD = "gnu++0x";
				CLANG_CXX_LIBRARY = "libc++";
				CLANG_ENABLE_MODULES = YES;
				CLANG_ENABLE_OBJC_ARC = YES;
				CLANG_WARN_BOOL_CONVERSION = YES;
				CLANG_WARN_CONSTANT_CONVERSION = YES;
				CLANG_WARN_DIRECT_OBJC_ISA_USAGE = YES_ERROR;
				CLANG_WARN_DOCUMENTATION_COMMENTS = YES;
				CLANG_WARN_EMPTY_BODY = YES;
				CLANG_WARN_ENUM_CONVERSION = YES;
				CLANG_WARN_INFINITE_RECURSION = YES;
				CLANG_WARN_INT_CONVERSION = YES;
				CLANG_WARN_OBJC_ROOT_CLASS = YES_ERROR;
				CLANG_WARN_SUSPICIOUS_MOVES = YES;
				CLANG_WARN_UNREACHABLE_CODE = YES;
				CLANG_WARN__DUPLICATE_METHOD_MATCH = YES;
				"CODE_SIGN_IDENTITY[sdk=iphoneos*]" = "iPhone Developer";
				COPY_PHASE_STRIP = NO;
				DEBUG_INFORMATION_FORMAT = "dwarf-with-dsym";
				ENABLE_NS_ASSERTIONS = NO;
				ENABLE_STRICT_OBJC_MSGSEND = YES;
				GCC_C_LANGUAGE_STANDARD = gnu99;
				GCC_NO_COMMON_BLOCKS = YES;
				GCC_WARN_64_TO_32_BIT_CONVERSION = YES;
				GCC_WARN_ABOUT_RETURN_TYPE = YES_ERROR;
				GCC_WARN_UNDECLARED_SELECTOR = YES;
				GCC_WARN_UNINITIALIZED_AUTOS = YES_AGGRESSIVE;
				GCC_WARN_UNUSED_FUNCTION = YES;
				GCC_WARN_UNUSED_VARIABLE = YES;
				IPHONEOS_DEPLOYMENT_TARGET = 10.0;
				MTL_ENABLE_DEBUG_INFO = NO;
				SDKROOT = iphoneos;
				SWIFT_OPTIMIZATION_LEVEL = "-Owholemodule";
				VALIDATE_PRODUCT = YES;
			};
			name = Release;
		};
		50631D251D774F5000555F19 /* Debug */ = {
			isa = XCBuildConfiguration;
			buildSettings = {
				ASSETCATALOG_COMPILER_APPICON_NAME = AppIcon;
				DEVELOPMENT_TEAM = FVV346K52C;
				INFOPLIST_FILE = PokemonLocation/Info.plist;
				LD_RUNPATH_SEARCH_PATHS = "$(inherited) @executable_path/Frameworks";
				PRODUCT_BUNDLE_IDENTIFIER = speck.PokemonLocation;
				PRODUCT_NAME = "$(TARGET_NAME)";
				SWIFT_VERSION = 3.0;
			};
			name = Debug;
		};
		50631D261D774F5000555F19 /* Release */ = {
			isa = XCBuildConfiguration;
			buildSettings = {
				ASSETCATALOG_COMPILER_APPICON_NAME = AppIcon;
				DEVELOPMENT_TEAM = FVV346K52C;
				INFOPLIST_FILE = PokemonLocation/Info.plist;
				LD_RUNPATH_SEARCH_PATHS = "$(inherited) @executable_path/Frameworks";
				PRODUCT_BUNDLE_IDENTIFIER = speck.PokemonLocation;
				PRODUCT_NAME = "$(TARGET_NAME)";
				SWIFT_VERSION = 3.0;
			};
			name = Release;
		};
/* End XCBuildConfiguration section */

/* Begin XCConfigurationList section */
		50631D0D1D774F5000555F19 /* Build configuration list for PBXProject "PokemonLocation" */ = {
			isa = XCConfigurationList;
			buildConfigurations = (
				50631D221D774F5000555F19 /* Debug */,
				50631D231D774F5000555F19 /* Release */,
			);
			defaultConfigurationIsVisible = 0;
			defaultConfigurationName = Release;
		};
		50631D241D774F5000555F19 /* Build configuration list for PBXNativeTarget "PokemonLocation" */ = {
			isa = XCConfigurationList;
			buildConfigurations = (
				50631D251D774F5000555F19 /* Debug */,
				50631D261D774F5000555F19 /* Release */,
			);
			defaultConfigurationIsVisible = 0;
			defaultConfigurationName = Release;
		};
/* End XCConfigurationList section */
	};
	rootObject = 50631D0A1D774F5000555F19 /* Project object */;
}
